{
  "name": "mend-ie-challenge",
  "version": "1.0.0",
  "lockfileVersion": 2,
  "requires": true,
  "packages": {
    "": {
      "version": "1.0.0",
      "license": "ISC",
      "dependencies": {
        "xml2json-light": "^1.0.6"
      }
    },
    "node_modules/xml2json-light": {
      "version": "1.0.6",
      "resolved": "https://registry.npmjs.org/xml2json-light/-/xml2json-light-1.0.6.tgz",
      "integrity": "sha1-ERaHcQorAfvS/hj0GK31Ed5UfzQ="
    }
  },
  "dependencies": {
    "xml2json-light": {
      "version": "1.0.6",
      "resolved": "https://registry.npmjs.org/xml2json-light/-/xml2json-light-1.0.6.tgz",
      "integrity": "sha1-ERaHcQorAfvS/hj0GK31Ed5UfzQ="
    }
  }
}
